
Microsoft Visual Studio Solution File, Format Version 12.00
# Visual Studio 15
VisualStudioVersion = 15.0.27703.2047
MinimumVisualStudioVersion = 10.0.40219.1
Project("{FAE04EC0-301F-11D3-BF4B-00C04F79EFBC}") = "WebSayfasi", "WebSayfasi\WebSayfasi.csproj", "{AC8AE0ED-DD40-4547-B480-7B5EAD92917A}"
EndProject
Project("{E53339B2-1760-4266-BCC7-CA923CBCF16C}") = "docker-compose", "docker-compose.dcproj", "{707DB6DA-C9D0-4980-8255-F59E5C701743}"
EndProject
Global
	GlobalSection(SolutionConfigurationPlatforms) = preSolution
		Debug|Any CPU = Debug|Any CPU
		Release|Any CPU = Release|Any CPU
	EndGlobalSection
	GlobalSection(ProjectConfigurationPlatforms) = postSolution
		{AC8AE0ED-DD40-4547-B480-7B5EAD92917A}.Debug|Any CPU.ActiveCfg = Debug|Any CPU
		{AC8AE0ED-DD40-4547-B480-7B5EAD92917A}.Debug|Any CPU.Build.0 = Debug|Any CPU
		{AC8AE0ED-DD40-4547-B480-7B5EAD92917A}.Release|Any CPU.ActiveCfg = Release|Any CPU
		{AC8AE0ED-DD40-4547-B480-7B5EAD92917A}.Release|Any CPU.Build.0 = Release|Any CPU
		{707DB6DA-C9D0-4980-8255-F59E5C701743}.Debug|Any CPU.ActiveCfg = Debug|Any CPU
		{707DB6DA-C9D0-4980-8255-F59E5C701743}.Debug|Any CPU.Build.0 = Debug|Any CPU
		{707DB6DA-C9D0-4980-8255-F59E5C701743}.Release|Any CPU.ActiveCfg = Release|Any CPU
		{707DB6DA-C9D0-4980-8255-F59E5C701743}.Release|Any CPU.Build.0 = Release|Any CPU
	EndGlobalSection
	GlobalSection(SolutionProperties) = preSolution
		HideSolutionNode = FALSE
	EndGlobalSection
	GlobalSection(ExtensibilityGlobals) = postSolution
		SolutionGuid = {A6F5AB2D-A2A1-47F6-A94A-294DA437B973}
	EndGlobalSection
EndGlobal
